
Microsoft Visual Studio Solution File, Format Version 12.00
# Visual Studio Version 17
VisualStudioVersion = 17.0.31903.59
MinimumVisualStudioVersion = 10.0.40219.1
Project("{9A19103F-16F7-4668-BE54-9A1E7A4F7556}") = "AccountConsoleApp", "AccountConsoleApp\AccountConsoleApp.csproj", "{FE524360-CF02-463B-8726-8FC7FD70BD9C}"
EndProject
Project("{9A19103F-16F7-4668-BE54-9A1E7A4F7556}") = "MortgageInterestCalculatorConsoleApp", "MortgageInterestCalculatorConsoleApp\MortgageInterestCalculatorConsoleApp.csproj", "{0D5D598C-FE83-47E7-9D8B-A8A87E03148C}"
EndProject
Project("{9A19103F-16F7-4668-BE54-9A1E7A4F7556}") = "ProgressiveTaxCalculatorLibrary", "ProgressiveTaxCalculatorLibrary\ProgressiveTaxCalculatorLibrary.csproj", "{36D83D98-5300-4C1D-8B6B-47B577053C0E}"
EndProject
Project("{9A19103F-16F7-4668-BE54-9A1E7A4F7556}") = "MortgageInterestCalculatorWinFormsApp", "MortgageInterestCalculatorWinFormsApp\MortgageInterestCalculatorWinFormsApp.csproj", "{06954CE8-8A72-4BBC-AA63-8BCB6B9B871D}"
EndProject
Project("{FAE04EC0-301F-11D3-BF4B-00C04F79EFBC}") = "Accounts.UnitTests", "Accounts.UnitTests\Accounts.UnitTests.csproj", "{D5FE8ADD-2C7C-43F0-B781-1047CF46B4A1}"
EndProject
Project("{9A19103F-16F7-4668-BE54-9A1E7A4F7556}") = "App.Logic", "MortgageInterestCalculator.Logic\App.Logic.csproj", "{1A10769F-CE13-428A-8060-FCF60E90EFFF}"
EndProject
Project("{9A19103F-16F7-4668-BE54-9A1E7A4F7556}") = "MortgageInterestCalculator.UnitTests", "MortgageInterestCalculator.UnitTests\MortgageInterestCalculator.UnitTests.csproj", "{12D101F9-7E04-4DA8-8CDE-29E8DA4F14B1}"
EndProject
Global
	GlobalSection(SolutionConfigurationPlatforms) = preSolution
		Debug|Any CPU = Debug|Any CPU
		Release|Any CPU = Release|Any CPU
	EndGlobalSection
	GlobalSection(ProjectConfigurationPlatforms) = postSolution
		{FE524360-CF02-463B-8726-8FC7FD70BD9C}.Debug|Any CPU.ActiveCfg = Debug|Any CPU
		{FE524360-CF02-463B-8726-8FC7FD70BD9C}.Debug|Any CPU.Build.0 = Debug|Any CPU
		{FE524360-CF02-463B-8726-8FC7FD70BD9C}.Release|Any CPU.ActiveCfg = Release|Any CPU
		{FE524360-CF02-463B-8726-8FC7FD70BD9C}.Release|Any CPU.Build.0 = Release|Any CPU
		{0D5D598C-FE83-47E7-9D8B-A8A87E03148C}.Debug|Any CPU.ActiveCfg = Debug|Any CPU
		{0D5D598C-FE83-47E7-9D8B-A8A87E03148C}.Debug|Any CPU.Build.0 = Debug|Any CPU
		{0D5D598C-FE83-47E7-9D8B-A8A87E03148C}.Release|Any CPU.ActiveCfg = Release|Any CPU
		{0D5D598C-FE83-47E7-9D8B-A8A87E03148C}.Release|Any CPU.Build.0 = Release|Any CPU
		{36D83D98-5300-4C1D-8B6B-47B577053C0E}.Debug|Any CPU.ActiveCfg = Debug|Any CPU
		{36D83D98-5300-4C1D-8B6B-47B577053C0E}.Debug|Any CPU.Build.0 = Debug|Any CPU
		{36D83D98-5300-4C1D-8B6B-47B577053C0E}.Release|Any CPU.ActiveCfg = Release|Any CPU
		{36D83D98-5300-4C1D-8B6B-47B577053C0E}.Release|Any CPU.Build.0 = Release|Any CPU
		{06954CE8-8A72-4BBC-AA63-8BCB6B9B871D}.Debug|Any CPU.ActiveCfg = Debug|Any CPU
		{06954CE8-8A72-4BBC-AA63-8BCB6B9B871D}.Debug|Any CPU.Build.0 = Debug|Any CPU
		{06954CE8-8A72-4BBC-AA63-8BCB6B9B871D}.Release|Any CPU.ActiveCfg = Release|Any CPU
		{06954CE8-8A72-4BBC-AA63-8BCB6B9B871D}.Release|Any CPU.Build.0 = Release|Any CPU
		{D5FE8ADD-2C7C-43F0-B781-1047CF46B4A1}.Debug|Any CPU.ActiveCfg = Debug|Any CPU
		{D5FE8ADD-2C7C-43F0-B781-1047CF46B4A1}.Debug|Any CPU.Build.0 = Debug|Any CPU
		{D5FE8ADD-2C7C-43F0-B781-1047CF46B4A1}.Release|Any CPU.ActiveCfg = Release|Any CPU
		{D5FE8ADD-2C7C-43F0-B781-1047CF46B4A1}.Release|Any CPU.Build.0 = Release|Any CPU
		{1A10769F-CE13-428A-8060-FCF60E90EFFF}.Debug|Any CPU.ActiveCfg = Debug|Any CPU
		{1A10769F-CE13-428A-8060-FCF60E90EFFF}.Debug|Any CPU.Build.0 = Debug|Any CPU
		{1A10769F-CE13-428A-8060-FCF60E90EFFF}.Release|Any CPU.ActiveCfg = Release|Any CPU
		{1A10769F-CE13-428A-8060-FCF60E90EFFF}.Release|Any CPU.Build.0 = Release|Any CPU
		{12D101F9-7E04-4DA8-8CDE-29E8DA4F14B1}.Debug|Any CPU.ActiveCfg = Debug|Any CPU
		{12D101F9-7E04-4DA8-8CDE-29E8DA4F14B1}.Debug|Any CPU.Build.0 = Debug|Any CPU
		{12D101F9-7E04-4DA8-8CDE-29E8DA4F14B1}.Release|Any CPU.ActiveCfg = Release|Any CPU
		{12D101F9-7E04-4DA8-8CDE-29E8DA4F14B1}.Release|Any CPU.Build.0 = Release|Any CPU
	EndGlobalSection
	GlobalSection(SolutionProperties) = preSolution
		HideSolutionNode = FALSE
	EndGlobalSection
	GlobalSection(ExtensibilityGlobals) = postSolution
		SolutionGuid = {B45B4890-7FAD-4D4E-A4BD-58D264ACD43C}
	EndGlobalSection
EndGlobal
